// !$*UTF8*$!
{
	archiveVersion = 1;
	classes = {
	};
	objectVersion = 56;
	objects = {

/* Begin PBXBuildFile section */
		71ABEFD02A5194FD009C3703 /* RegisterToken.swift in Sources */ = {isa = PBXBuildFile; fileRef = 71ABEFCF2A5194FD009C3703 /* RegisterToken.swift */; };
		71ABEFD22A519527009C3703 /* AllProductsView.swift in Sources */ = {isa = PBXBuildFile; fileRef = 71ABEFD12A519527009C3703 /* AllProductsView.swift */; };
		71ABEFD42A51959D009C3703 /* AllProductsVM.swift in Sources */ = {isa = PBXBuildFile; fileRef = 71ABEFD32A51959D009C3703 /* AllProductsVM.swift */; };
		71ABEFD62A51BD37009C3703 /* LoginView.swift in Sources */ = {isa = PBXBuildFile; fileRef = 71ABEFD52A51BD37009C3703 /* LoginView.swift */; };
		71ABEFD82A51C144009C3703 /* LoginAPI.swift in Sources */ = {isa = PBXBuildFile; fileRef = 71ABEFD72A51C144009C3703 /* LoginAPI.swift */; };
		71ABEFDA2A51C306009C3703 /* LoginToken.swift in Sources */ = {isa = PBXBuildFile; fileRef = 71ABEFD92A51C306009C3703 /* LoginToken.swift */; };
		71ABF58E2A546FE5006DF839 /* SearchView.swift in Sources */ = {isa = PBXBuildFile; fileRef = 71ABF58D2A546FE5006DF839 /* SearchView.swift */; };
		71ABF5902A546FF5006DF839 /* SearchVM.swift in Sources */ = {isa = PBXBuildFile; fileRef = 71ABF58F2A546FF5006DF839 /* SearchVM.swift */; };
		71BB31C32A52AECD00C12888 /* Product.swift in Sources */ = {isa = PBXBuildFile; fileRef = 71BB31C22A52AECD00C12888 /* Product.swift */; };
		71BB31C72A52CA4100C12888 /* SingleProductView.swift in Sources */ = {isa = PBXBuildFile; fileRef = 71BB31C62A52CA4100C12888 /* SingleProductView.swift */; };
		71BB31C92A52F27800C12888 /* FavoriteDB.swift in Sources */ = {isa = PBXBuildFile; fileRef = 71BB31C82A52F27800C12888 /* FavoriteDB.swift */; };
		71BB31CF2A5312C500C12888 /* LoginViewModel.swift in Sources */ = {isa = PBXBuildFile; fileRef = 71BB31CE2A5312C500C12888 /* LoginViewModel.swift */; };
		71BB31D12A53166A00C12888 /* SignupViewModel.swift in Sources */ = {isa = PBXBuildFile; fileRef = 71BB31D02A53166A00C12888 /* SignupViewModel.swift */; };
		71D0B31D2A4C2E420095E580 /* MainRenderer.swift in Sources */ = {isa = PBXBuildFile; fileRef = 71D0B31C2A4C2E420095E580 /* MainRenderer.swift */; };
		71D0B31F2A4C2E420095E580 /* SignupView.swift in Sources */ = {isa = PBXBuildFile; fileRef = 71D0B31E2A4C2E420095E580 /* SignupView.swift */; };
		71D0B3212A4C2E430095E580 /* Assets.xcassets in Resources */ = {isa = PBXBuildFile; fileRef = 71D0B3202A4C2E430095E580 /* Assets.xcassets */; };
		71D0B3242A4C2E430095E580 /* Preview Assets.xcassets in Resources */ = {isa = PBXBuildFile; fileRef = 71D0B3232A4C2E430095E580 /* Preview Assets.xcassets */; };
		71D2CF5E2A4C72B900E6DA71 /* SignupAPI.swift in Sources */ = {isa = PBXBuildFile; fileRef = 71D2CF5D2A4C72B900E6DA71 /* SignupAPI.swift */; };
		71D3F5D72A56E1AC00D49E82 /* FetchProductsAPI.swift in Sources */ = {isa = PBXBuildFile; fileRef = 71D3F5D62A56E1AC00D49E82 /* FetchProductsAPI.swift */; };
		71D3F5D92A56EC6300D49E82 /* Unwrapper.swift in Sources */ = {isa = PBXBuildFile; fileRef = 71D3F5D82A56EC6300D49E82 /* Unwrapper.swift */; };
		71DE2F272A4D8A780000F374 /* InputValidation.swift in Sources */ = {isa = PBXBuildFile; fileRef = 71DE2F262A4D8A780000F374 /* InputValidation.swift */; };
		71DE2F2C2A4D8B150000F374 /* GeneralVM.swift in Sources */ = {isa = PBXBuildFile; fileRef = 71DE2F2B2A4D8B150000F374 /* GeneralVM.swift */; };
		71DE2F372A4DA41B0000F374 /* CategriesView.swift in Sources */ = {isa = PBXBuildFile; fileRef = 71DE2F362A4DA41B0000F374 /* CategriesView.swift */; };
		71DE2F392A4DB5360000F374 /* CategoriesVM.swift in Sources */ = {isa = PBXBuildFile; fileRef = 71DE2F382A4DB5360000F374 /* CategoriesVM.swift */; };
/* End PBXBuildFile section */

/* Begin PBXFileReference section */
		71ABEFCF2A5194FD009C3703 /* RegisterToken.swift */ = {isa = PBXFileReference; lastKnownFileType = sourcecode.swift; path = RegisterToken.swift; sourceTree = "<group>"; };
		71ABEFD12A519527009C3703 /* AllProductsView.swift */ = {isa = PBXFileReference; lastKnownFileType = sourcecode.swift; path = AllProductsView.swift; sourceTree = "<group>"; };
		71ABEFD32A51959D009C3703 /* AllProductsVM.swift */ = {isa = PBXFileReference; lastKnownFileType = sourcecode.swift; path = AllProductsVM.swift; sourceTree = "<group>"; };
		71ABEFD52A51BD37009C3703 /* LoginView.swift */ = {isa = PBXFileReference; lastKnownFileType = sourcecode.swift; path = LoginView.swift; sourceTree = "<group>"; };
		71ABEFD72A51C144009C3703 /* LoginAPI.swift */ = {isa = PBXFileReference; lastKnownFileType = sourcecode.swift; path = LoginAPI.swift; sourceTree = "<group>"; };
		71ABEFD92A51C306009C3703 /* LoginToken.swift */ = {isa = PBXFileReference; lastKnownFileType = sourcecode.swift; path = LoginToken.swift; sourceTree = "<group>"; };
		71ABF58D2A546FE5006DF839 /* SearchView.swift */ = {isa = PBXFileReference; lastKnownFileType = sourcecode.swift; path = SearchView.swift; sourceTree = "<group>"; };
		71ABF58F2A546FF5006DF839 /* SearchVM.swift */ = {isa = PBXFileReference; lastKnownFileType = sourcecode.swift; path = SearchVM.swift; sourceTree = "<group>"; };
		71BB31C22A52AECD00C12888 /* Product.swift */ = {isa = PBXFileReference; lastKnownFileType = sourcecode.swift; path = Product.swift; sourceTree = "<group>"; };
		71BB31C62A52CA4100C12888 /* SingleProductView.swift */ = {isa = PBXFileReference; lastKnownFileType = sourcecode.swift; path = SingleProductView.swift; sourceTree = "<group>"; };
		71BB31C82A52F27800C12888 /* FavoriteDB.swift */ = {isa = PBXFileReference; lastKnownFileType = sourcecode.swift; path = FavoriteDB.swift; sourceTree = "<group>"; };
		71BB31CE2A5312C500C12888 /* LoginViewModel.swift */ = {isa = PBXFileReference; lastKnownFileType = sourcecode.swift; path = LoginViewModel.swift; sourceTree = "<group>"; };
		71BB31D02A53166A00C12888 /* SignupViewModel.swift */ = {isa = PBXFileReference; lastKnownFileType = sourcecode.swift; path = SignupViewModel.swift; sourceTree = "<group>"; };
		71D0B3192A4C2E420095E580 /* multiPartChallengeSwiftUI.app */ = {isa = PBXFileReference; explicitFileType = wrapper.application; includeInIndex = 0; path = multiPartChallengeSwiftUI.app; sourceTree = BUILT_PRODUCTS_DIR; };
		71D0B31C2A4C2E420095E580 /* MainRenderer.swift */ = {isa = PBXFileReference; lastKnownFileType = sourcecode.swift; path = MainRenderer.swift; sourceTree = "<group>"; };
		71D0B31E2A4C2E420095E580 /* SignupView.swift */ = {isa = PBXFileReference; lastKnownFileType = sourcecode.swift; path = SignupView.swift; sourceTree = "<group>"; };
		71D0B3202A4C2E430095E580 /* Assets.xcassets */ = {isa = PBXFileReference; lastKnownFileType = folder.assetcatalog; path = Assets.xcassets; sourceTree = "<group>"; };
		71D0B3232A4C2E430095E580 /* Preview Assets.xcassets */ = {isa = PBXFileReference; lastKnownFileType = folder.assetcatalog; path = "Preview Assets.xcassets"; sourceTree = "<group>"; };
		71D2CF5D2A4C72B900E6DA71 /* SignupAPI.swift */ = {isa = PBXFileReference; lastKnownFileType = sourcecode.swift; path = SignupAPI.swift; sourceTree = "<group>"; };
		71D3F5D62A56E1AC00D49E82 /* FetchProductsAPI.swift */ = {isa = PBXFileReference; lastKnownFileType = sourcecode.swift; path = FetchProductsAPI.swift; sourceTree = "<group>"; };
		71D3F5D82A56EC6300D49E82 /* Unwrapper.swift */ = {isa = PBXFileReference; lastKnownFileType = sourcecode.swift; path = Unwrapper.swift; sourceTree = "<group>"; };
		71DE2F262A4D8A780000F374 /* InputValidation.swift */ = {isa = PBXFileReference; lastKnownFileType = sourcecode.swift; path = InputValidation.swift; sourceTree = "<group>"; };
		71DE2F2B2A4D8B150000F374 /* GeneralVM.swift */ = {isa = PBXFileReference; lastKnownFileType = sourcecode.swift; path = GeneralVM.swift; sourceTree = "<group>"; };
		71DE2F362A4DA41B0000F374 /* CategriesView.swift */ = {isa = PBXFileReference; lastKnownFileType = sourcecode.swift; path = CategriesView.swift; sourceTree = "<group>"; };
		71DE2F382A4DB5360000F374 /* CategoriesVM.swift */ = {isa = PBXFileReference; lastKnownFileType = sourcecode.swift; path = CategoriesVM.swift; sourceTree = "<group>"; };
/* End PBXFileReference section */

/* Begin PBXFrameworksBuildPhase section */
		71D0B3162A4C2E420095E580 /* Frameworks */ = {
			isa = PBXFrameworksBuildPhase;
			buildActionMask = 2147483647;
			files = (
			);
			runOnlyForDeploymentPostprocessing = 0;
		};
/* End PBXFrameworksBuildPhase section */

/* Begin PBXGroup section */
		71ABF58C2A53FA21006DF839 /* AllProducts */ = {
			isa = PBXGroup;
			children = (
				71ABEFD12A519527009C3703 /* AllProductsView.swift */,
				71ABEFD32A51959D009C3703 /* AllProductsVM.swift */,
			);
			path = AllProducts;
			sourceTree = "<group>";
		};
		71ABF5912A546FFC006DF839 /* Search */ = {
			isa = PBXGroup;
			children = (
				71ABF58D2A546FE5006DF839 /* SearchView.swift */,
				71ABF58F2A546FF5006DF839 /* SearchVM.swift */,
			);
			path = Search;
			sourceTree = "<group>";
		};
		71BB31CA2A52FA3F00C12888 /* Category */ = {
			isa = PBXGroup;
			children = (
				71DE2F362A4DA41B0000F374 /* CategriesView.swift */,
				71DE2F382A4DB5360000F374 /* CategoriesVM.swift */,
			);
			path = Category;
			sourceTree = "<group>";
		};
		71BB31CB2A52FA7500C12888 /* Models */ = {
			isa = PBXGroup;
			children = (
				71ABEFCF2A5194FD009C3703 /* RegisterToken.swift */,
				71ABEFD92A51C306009C3703 /* LoginToken.swift */,
				71BB31C22A52AECD00C12888 /* Product.swift */,
			);
			path = Models;
			sourceTree = "<group>";
		};
		71BB31D22A531BB500C12888 /* Signup */ = {
			isa = PBXGroup;
			children = (
				71BB31D02A53166A00C12888 /* SignupViewModel.swift */,
				71D0B31E2A4C2E420095E580 /* SignupView.swift */,
			);
			path = Signup;
			sourceTree = "<group>";
		};
		71BB31D32A531BC700C12888 /* Login */ = {
			isa = PBXGroup;
			children = (
				71ABEFD52A51BD37009C3703 /* LoginView.swift */,
				71BB31CE2A5312C500C12888 /* LoginViewModel.swift */,
			);
			path = Login;
			sourceTree = "<group>";
		};
		71D0B3102A4C2E420095E580 = {
			isa = PBXGroup;
			children = (
				71D0B31B2A4C2E420095E580 /* multiPartChallengeSwiftUI */,
				71D0B31A2A4C2E420095E580 /* Products */,
			);
			sourceTree = "<group>";
		};
		71D0B31A2A4C2E420095E580 /* Products */ = {
			isa = PBXGroup;
			children = (
				71D0B3192A4C2E420095E580 /* multiPartChallengeSwiftUI.app */,
			);
			name = Products;
			sourceTree = "<group>";
		};
		71D0B31B2A4C2E420095E580 /* multiPartChallengeSwiftUI */ = {
			isa = PBXGroup;
			children = (
				71DE2F2D2A4D8B3D0000F374 /* Sevices */,
				71DE2F282A4D8AEE0000F374 /* Utils */,
				71BB31CB2A52FA7500C12888 /* Models */,
				71BB31CA2A52FA3F00C12888 /* Category */,
				71BB31D32A531BC700C12888 /* Login */,
				71ABF58C2A53FA21006DF839 /* AllProducts */,
				71BB31D22A531BB500C12888 /* Signup */,
				71ABF5912A546FFC006DF839 /* Search */,
				71D0B31C2A4C2E420095E580 /* MainRenderer.swift */,
				71BB31C62A52CA4100C12888 /* SingleProductView.swift */,
				71DE2F2B2A4D8B150000F374 /* GeneralVM.swift */,
				71BB31C82A52F27800C12888 /* FavoriteDB.swift */,
				71D0B3202A4C2E430095E580 /* Assets.xcassets */,
				71D0B3222A4C2E430095E580 /* Preview Content */,
			);
			path = multiPartChallengeSwiftUI;
			sourceTree = "<group>";
		};
		71D0B3222A4C2E430095E580 /* Preview Content */ = {
			isa = PBXGroup;
			children = (
				71D0B3232A4C2E430095E580 /* Preview Assets.xcassets */,
			);
			path = "Preview Content";
			sourceTree = "<group>";
		};
		71DE2F282A4D8AEE0000F374 /* Utils */ = {
			isa = PBXGroup;
			children = (
				71DE2F262A4D8A780000F374 /* InputValidation.swift */,
				71D3F5D82A56EC6300D49E82 /* Unwrapper.swift */,
			);
			path = Utils;
			sourceTree = "<group>";
		};
		71DE2F2D2A4D8B3D0000F374 /* Sevices */ = {
			isa = PBXGroup;
			children = (
				71D2CF5D2A4C72B900E6DA71 /* SignupAPI.swift */,
				71ABEFD72A51C144009C3703 /* LoginAPI.swift */,
				71D3F5D62A56E1AC00D49E82 /* FetchProductsAPI.swift */,
			);
			path = Sevices;
			sourceTree = "<group>";
		};
/* End PBXGroup section */

/* Begin PBXNativeTarget section */
		71D0B3182A4C2E420095E580 /* multiPartChallengeSwiftUI */ = {
			isa = PBXNativeTarget;
			buildConfigurationList = 71D0B3272A4C2E430095E580 /* Build configuration list for PBXNativeTarget "multiPartChallengeSwiftUI" */;
			buildPhases = (
				71D0B3152A4C2E420095E580 /* Sources */,
				71D0B3162A4C2E420095E580 /* Frameworks */,
				71D0B3172A4C2E420095E580 /* Resources */,
			);
			buildRules = (
			);
			dependencies = (
			);
			name = multiPartChallengeSwiftUI;
			productName = multiPartChallengeSwiftUI;
			productReference = 71D0B3192A4C2E420095E580 /* multiPartChallengeSwiftUI.app */;
			productType = "com.apple.product-type.application";
		};
/* End PBXNativeTarget section */

/* Begin PBXProject section */
		71D0B3112A4C2E420095E580 /* Project object */ = {
			isa = PBXProject;
			attributes = {
				BuildIndependentTargetsInParallel = 1;
				LastSwiftUpdateCheck = 1430;
				LastUpgradeCheck = 1430;
				TargetAttributes = {
					71D0B3182A4C2E420095E580 = {
						CreatedOnToolsVersion = 14.3.1;
					};
				};
			};
			buildConfigurationList = 71D0B3142A4C2E420095E580 /* Build configuration list for PBXProject "multiPartChallengeSwiftUI" */;
			compatibilityVersion = "Xcode 14.0";
			developmentRegion = en;
			hasScannedForEncodings = 0;
			knownRegions = (
				en,
				Base,
			);
			mainGroup = 71D0B3102A4C2E420095E580;
			productRefGroup = 71D0B31A2A4C2E420095E580 /* Products */;
			projectDirPath = "";
			projectRoot = "";
			targets = (
				71D0B3182A4C2E420095E580 /* multiPartChallengeSwiftUI */,
			);
		};
/* End PBXProject section */

/* Begin PBXResourcesBuildPhase section */
		71D0B3172A4C2E420095E580 /* Resources */ = {
			isa = PBXResourcesBuildPhase;
			buildActionMask = 2147483647;
			files = (
				71D0B3242A4C2E430095E580 /* Preview Assets.xcassets in Resources */,
				71D0B3212A4C2E430095E580 /* Assets.xcassets in Resources */,
			);
			runOnlyForDeploymentPostprocessing = 0;
		};
/* End PBXResourcesBuildPhase section */

/* Begin PBXSourcesBuildPhase section */
		71D0B3152A4C2E420095E580 /* Sources */ = {
			isa = PBXSourcesBuildPhase;
			buildActionMask = 2147483647;
			files = (
				71BB31C72A52CA4100C12888 /* SingleProductView.swift in Sources */,
				71ABF58E2A546FE5006DF839 /* SearchView.swift in Sources */,
				71BB31D12A53166A00C12888 /* SignupViewModel.swift in Sources */,
				71BB31C32A52AECD00C12888 /* Product.swift in Sources */,
				71DE2F372A4DA41B0000F374 /* CategriesView.swift in Sources */,
				71D0B31F2A4C2E420095E580 /* SignupView.swift in Sources */,
				71ABF5902A546FF5006DF839 /* SearchVM.swift in Sources */,
				71BB31C92A52F27800C12888 /* FavoriteDB.swift in Sources */,
				71D3F5D92A56EC6300D49E82 /* Unwrapper.swift in Sources */,
				71ABEFDA2A51C306009C3703 /* LoginToken.swift in Sources */,
				71ABEFD42A51959D009C3703 /* AllProductsVM.swift in Sources */,
				71BB31CF2A5312C500C12888 /* LoginViewModel.swift in Sources */,
				71D2CF5E2A4C72B900E6DA71 /* SignupAPI.swift in Sources */,
				71ABEFD22A519527009C3703 /* AllProductsView.swift in Sources */,
				71ABEFD82A51C144009C3703 /* LoginAPI.swift in Sources */,
				71ABEFD62A51BD37009C3703 /* LoginView.swift in Sources */,
				71DE2F2C2A4D8B150000F374 /* GeneralVM.swift in Sources */,
				71D0B31D2A4C2E420095E580 /* MainRenderer.swift in Sources */,
				71DE2F392A4DB5360000F374 /* CategoriesVM.swift in Sources */,
				71D3F5D72A56E1AC00D49E82 /* FetchProductsAPI.swift in Sources */,
				71ABEFD02A5194FD009C3703 /* RegisterToken.swift in Sources */,
				71DE2F272A4D8A780000F374 /* InputValidation.swift in Sources */,
			);
			runOnlyForDeploymentPostprocessing = 0;
		};
/* End PBXSourcesBuildPhase section */

/* Begin XCBuildConfiguration section */
		71D0B3252A4C2E430095E580 /* Debug */ = {
			isa = XCBuildConfiguration;
			buildSettings = {
				ALWAYS_SEARCH_USER_PATHS = NO;
				CLANG_ANALYZER_NONNULL = YES;
				CLANG_ANALYZER_NUMBER_OBJECT_CONVERSION = YES_AGGRESSIVE;
				CLANG_CXX_LANGUAGE_STANDARD = "gnu++20";
				CLANG_ENABLE_MODULES = YES;
				CLANG_ENABLE_OBJC_ARC = YES;
				CLANG_ENABLE_OBJC_WEAK = YES;
				CLANG_WARN_BLOCK_CAPTURE_AUTORELEASING = YES;
				CLANG_WARN_BOOL_CONVERSION = YES;
				CLANG_WARN_COMMA = YES;
				CLANG_WARN_CONSTANT_CONVERSION = YES;
				CLANG_WARN_DEPRECATED_OBJC_IMPLEMENTATIONS = YES;
				CLANG_WARN_DIRECT_OBJC_ISA_USAGE = YES_ERROR;
				CLANG_WARN_DOCUMENTATION_COMMENTS = YES;
				CLANG_WARN_EMPTY_BODY = YES;
				CLANG_WARN_ENUM_CONVERSION = YES;
				CLANG_WARN_INFINITE_RECURSION = YES;
				CLANG_WARN_INT_CONVERSION = YES;
				CLANG_WARN_NON_LITERAL_NULL_CONVERSION = YES;
				CLANG_WARN_OBJC_IMPLICIT_RETAIN_SELF = YES;
				CLANG_WARN_OBJC_LITERAL_CONVERSION = YES;
				CLANG_WARN_OBJC_ROOT_CLASS = YES_ERROR;
				CLANG_WARN_QUOTED_INCLUDE_IN_FRAMEWORK_HEADER = YES;
				CLANG_WARN_RANGE_LOOP_ANALYSIS = YES;
				CLANG_WARN_STRICT_PROTOTYPES = YES;
				CLANG_WARN_SUSPICIOUS_MOVE = YES;
				CLANG_WARN_UNGUARDED_AVAILABILITY = YES_AGGRESSIVE;
				CLANG_WARN_UNREACHABLE_CODE = YES;
				CLANG_WARN__DUPLICATE_METHOD_MATCH = YES;
				COPY_PHASE_STRIP = NO;
				DEBUG_INFORMATION_FORMAT = dwarf;
				ENABLE_STRICT_OBJC_MSGSEND = YES;
				ENABLE_TESTABILITY = YES;
				GCC_C_LANGUAGE_STANDARD = gnu11;
				GCC_DYNAMIC_NO_PIC = NO;
				GCC_NO_COMMON_BLOCKS = YES;
				GCC_OPTIMIZATION_LEVEL = 0;
				GCC_PREPROCESSOR_DEFINITIONS = (
					"DEBUG=1",
					"$(inherited)",
				);
				GCC_WARN_64_TO_32_BIT_CONVERSION = YES;
				GCC_WARN_ABOUT_RETURN_TYPE = YES_ERROR;
				GCC_WARN_UNDECLARED_SELECTOR = YES;
				GCC_WARN_UNINITIALIZED_AUTOS = YES_AGGRESSIVE;
				GCC_WARN_UNUSED_FUNCTION = YES;
				GCC_WARN_UNUSED_VARIABLE = YES;
				IPHONEOS_DEPLOYMENT_TARGET = 16.4;
				MTL_ENABLE_DEBUG_INFO = INCLUDE_SOURCE;
				MTL_FAST_MATH = YES;
				ONLY_ACTIVE_ARCH = YES;
				SDKROOT = iphoneos;
				SWIFT_ACTIVE_COMPILATION_CONDITIONS = DEBUG;
				SWIFT_OPTIMIZATION_LEVEL = "-Onone";
			};
			name = Debug;
		};
		71D0B3262A4C2E430095E580 /* Release */ = {
			isa = XCBuildConfiguration;
			buildSettings = {
				ALWAYS_SEARCH_USER_PATHS = NO;
				CLANG_ANALYZER_NONNULL = YES;
				CLANG_ANALYZER_NUMBER_OBJECT_CONVERSION = YES_AGGRESSIVE;
				CLANG_CXX_LANGUAGE_STANDARD = "gnu++20";
				CLANG_ENABLE_MODULES = YES;
				CLANG_ENABLE_OBJC_ARC = YES;
				CLANG_ENABLE_OBJC_WEAK = YES;
				CLANG_WARN_BLOCK_CAPTURE_AUTORELEASING = YES;
				CLANG_WARN_BOOL_CONVERSION = YES;
				CLANG_WARN_COMMA = YES;
				CLANG_WARN_CONSTANT_CONVERSION = YES;
				CLANG_WARN_DEPRECATED_OBJC_IMPLEMENTATIONS = YES;
				CLANG_WARN_DIRECT_OBJC_ISA_USAGE = YES_ERROR;
				CLANG_WARN_DOCUMENTATION_COMMENTS = YES;
				CLANG_WARN_EMPTY_BODY = YES;
				CLANG_WARN_ENUM_CONVERSION = YES;
				CLANG_WARN_INFINITE_RECURSION = YES;
				CLANG_WARN_INT_CONVERSION = YES;
				CLANG_WARN_NON_LITERAL_NULL_CONVERSION = YES;
				CLANG_WARN_OBJC_IMPLICIT_RETAIN_SELF = YES;
				CLANG_WARN_OBJC_LITERAL_CONVERSION = YES;
				CLANG_WARN_OBJC_ROOT_CLASS = YES_ERROR;
				CLANG_WARN_QUOTED_INCLUDE_IN_FRAMEWORK_HEADER = YES;
				CLANG_WARN_RANGE_LOOP_ANALYSIS = YES;
				CLANG_WARN_STRICT_PROTOTYPES = YES;
				CLANG_WARN_SUSPICIOUS_MOVE = YES;
				CLANG_WARN_UNGUARDED_AVAILABILITY = YES_AGGRESSIVE;
				CLANG_WARN_UNREACHABLE_CODE = YES;
				CLANG_WARN__DUPLICATE_METHOD_MATCH = YES;
				COPY_PHASE_STRIP = NO;
				DEBUG_INFORMATION_FORMAT = "dwarf-with-dsym";
				ENABLE_NS_ASSERTIONS = NO;
				ENABLE_STRICT_OBJC_MSGSEND = YES;
				GCC_C_LANGUAGE_STANDARD = gnu11;
				GCC_NO_COMMON_BLOCKS = YES;
				GCC_WARN_64_TO_32_BIT_CONVERSION = YES;
				GCC_WARN_ABOUT_RETURN_TYPE = YES_ERROR;
				GCC_WARN_UNDECLARED_SELECTOR = YES;
				GCC_WARN_UNINITIALIZED_AUTOS = YES_AGGRESSIVE;
				GCC_WARN_UNUSED_FUNCTION = YES;
				GCC_WARN_UNUSED_VARIABLE = YES;
				IPHONEOS_DEPLOYMENT_TARGET = 16.4;
				MTL_ENABLE_DEBUG_INFO = NO;
				MTL_FAST_MATH = YES;
				SDKROOT = iphoneos;
				SWIFT_COMPILATION_MODE = wholemodule;
				SWIFT_OPTIMIZATION_LEVEL = "-O";
				VALIDATE_PRODUCT = YES;
			};
			name = Release;
		};
		71D0B3282A4C2E430095E580 /* Debug */ = {
			isa = XCBuildConfiguration;
			buildSettings = {
				ASSETCATALOG_COMPILER_APPICON_NAME = AppIcon;
				ASSETCATALOG_COMPILER_GLOBAL_ACCENT_COLOR_NAME = AccentColor;
				CODE_SIGN_STYLE = Automatic;
				CURRENT_PROJECT_VERSION = 1;
				DEVELOPMENT_ASSET_PATHS = "\"multiPartChallengeSwiftUI/Preview Content\"";
				ENABLE_PREVIEWS = YES;
				GENERATE_INFOPLIST_FILE = YES;
				INFOPLIST_KEY_UIApplicationSceneManifest_Generation = YES;
				INFOPLIST_KEY_UIApplicationSupportsIndirectInputEvents = YES;
				INFOPLIST_KEY_UILaunchScreen_Generation = YES;
				INFOPLIST_KEY_UISupportedInterfaceOrientations_iPad = "UIInterfaceOrientationPortrait UIInterfaceOrientationPortraitUpsideDown UIInterfaceOrientationLandscapeLeft UIInterfaceOrientationLandscapeRight";
				INFOPLIST_KEY_UISupportedInterfaceOrientations_iPhone = "UIInterfaceOrientationPortrait UIInterfaceOrientationLandscapeLeft UIInterfaceOrientationLandscapeRight";
				LD_RUNPATH_SEARCH_PATHS = (
					"$(inherited)",
					"@executable_path/Frameworks",
				);
				MARKETING_VERSION = 1.0;
				PRODUCT_BUNDLE_IDENTIFIER = com.balink.multiPartChallengeSwiftUI;
				PRODUCT_NAME = "$(TARGET_NAME)";
				SWIFT_EMIT_LOC_STRINGS = YES;
				SWIFT_VERSION = 5.0;
				TARGETED_DEVICE_FAMILY = "1,2";
			};
			name = Debug;
		};
		71D0B3292A4C2E430095E580 /* Release */ = {
			isa = XCBuildConfiguration;
			buildSettings = {
				ASSETCATALOG_COMPILER_APPICON_NAME = AppIcon;
				ASSETCATALOG_COMPILER_GLOBAL_ACCENT_COLOR_NAME = AccentColor;
				CODE_SIGN_STYLE = Automatic;
				CURRENT_PROJECT_VERSION = 1;
				DEVELOPMENT_ASSET_PATHS = "\"multiPartChallengeSwiftUI/Preview Content\"";
				ENABLE_PREVIEWS = YES;
				GENERATE_INFOPLIST_FILE = YES;
				INFOPLIST_KEY_UIApplicationSceneManifest_Generation = YES;
				INFOPLIST_KEY_UIApplicationSupportsIndirectInputEvents = YES;
				INFOPLIST_KEY_UILaunchScreen_Generation = YES;
				INFOPLIST_KEY_UISupportedInterfaceOrientations_iPad = "UIInterfaceOrientationPortrait UIInterfaceOrientationPortraitUpsideDown UIInterfaceOrientationLandscapeLeft UIInterfaceOrientationLandscapeRight";
				INFOPLIST_KEY_UISupportedInterfaceOrientations_iPhone = "UIInterfaceOrientationPortrait UIInterfaceOrientationLandscapeLeft UIInterfaceOrientationLandscapeRight";
				LD_RUNPATH_SEARCH_PATHS = (
					"$(inherited)",
					"@executable_path/Frameworks",
				);
				MARKETING_VERSION = 1.0;
				PRODUCT_BUNDLE_IDENTIFIER = com.balink.multiPartChallengeSwiftUI;
				PRODUCT_NAME = "$(TARGET_NAME)";
				SWIFT_EMIT_LOC_STRINGS = YES;
				SWIFT_VERSION = 5.0;
				TARGETED_DEVICE_FAMILY = "1,2";
			};
			name = Release;
		};
/* End XCBuildConfiguration section */

/* Begin XCConfigurationList section */
		71D0B3142A4C2E420095E580 /* Build configuration list for PBXProject "multiPartChallengeSwiftUI" */ = {
			isa = XCConfigurationList;
			buildConfigurations = (
				71D0B3252A4C2E430095E580 /* Debug */,
				71D0B3262A4C2E430095E580 /* Release */,
			);
			defaultConfigurationIsVisible = 0;
			defaultConfigurationName = Release;
		};
		71D0B3272A4C2E430095E580 /* Build configuration list for PBXNativeTarget "multiPartChallengeSwiftUI" */ = {
			isa = XCConfigurationList;
			buildConfigurations = (
				71D0B3282A4C2E430095E580 /* Debug */,
				71D0B3292A4C2E430095E580 /* Release */,
			);
			defaultConfigurationIsVisible = 0;
			defaultConfigurationName = Release;
		};
/* End XCConfigurationList section */
	};
	rootObject = 71D0B3112A4C2E420095E580 /* Project object */;
}
